
Microsoft Visual Studio Solution File, Format Version 12.00
# Visual Studio Version 17
VisualStudioVersion = 17.14.36202.13 d17.14
MinimumVisualStudioVersion = 10.0.40219.1
Project("{FAE04EC0-301F-11D3-BF4B-00C04F79EFBC}") = "DroneService", "DroneService\DroneService.csproj", "{F905B3EF-7B10-4619-8D58-1B24098D7E69}"
EndProject
Project("{FAE04EC0-301F-11D3-BF4B-00C04F79EFBC}") = "DroneServiceFrontEnd", "DroneServiceFrontEnd\DroneServiceFrontEnd.csproj", "{06B7050F-BC5A-4CB8-8272-9B909A37D79F}"
EndProject
Global
	GlobalSection(SolutionConfigurationPlatforms) = preSolution
		Debug|Any CPU = Debug|Any CPU
		Release|Any CPU = Release|Any CPU
	EndGlobalSection
	GlobalSection(ProjectConfigurationPlatforms) = postSolution
		{F905B3EF-7B10-4619-8D58-1B24098D7E69}.Debug|Any CPU.ActiveCfg = Debug|Any CPU
		{F905B3EF-7B10-4619-8D58-1B24098D7E69}.Debug|Any CPU.Build.0 = Debug|Any CPU
		{F905B3EF-7B10-4619-8D58-1B24098D7E69}.Release|Any CPU.ActiveCfg = Release|Any CPU
		{F905B3EF-7B10-4619-8D58-1B24098D7E69}.Release|Any CPU.Build.0 = Release|Any CPU
		{06B7050F-BC5A-4CB8-8272-9B909A37D79F}.Debug|Any CPU.ActiveCfg = Debug|Any CPU
		{06B7050F-BC5A-4CB8-8272-9B909A37D79F}.Debug|Any CPU.Build.0 = Debug|Any CPU
		{06B7050F-BC5A-4CB8-8272-9B909A37D79F}.Release|Any CPU.ActiveCfg = Release|Any CPU
		{06B7050F-BC5A-4CB8-8272-9B909A37D79F}.Release|Any CPU.Build.0 = Release|Any CPU
	EndGlobalSection
	GlobalSection(SolutionProperties) = preSolution
		HideSolutionNode = FALSE
	EndGlobalSection
	GlobalSection(ExtensibilityGlobals) = postSolution
		SolutionGuid = {FBAB5BA9-635D-49C5-8D07-89A43B5DC879}
	EndGlobalSection
EndGlobal
